
Microsoft Visual Studio Solution File, Format Version 12.00
# Visual Studio Version 16
VisualStudioVersion = 16.0.810.23
MinimumVisualStudioVersion = 10.0.40219.1
Project("{FAE04EC0-301F-11D3-BF4B-00C04F79EFBC}") = "CodeWars", "CodeWars.csproj", "{9C4A498B-F550-4478-BF67-105F0462DC25}"
EndProject
Global
	GlobalSection(SolutionConfigurationPlatforms) = preSolution
		Debug|Any CPU = Debug|Any CPU
		Release|Any CPU = Release|Any CPU
	EndGlobalSection
	GlobalSection(ProjectConfigurationPlatforms) = postSolution
		{9C4A498B-F550-4478-BF67-105F0462DC25}.Debug|Any CPU.ActiveCfg = Debug|Any CPU
		{9C4A498B-F550-4478-BF67-105F0462DC25}.Debug|Any CPU.Build.0 = Debug|Any CPU
		{9C4A498B-F550-4478-BF67-105F0462DC25}.Release|Any CPU.ActiveCfg = Release|Any CPU
		{9C4A498B-F550-4478-BF67-105F0462DC25}.Release|Any CPU.Build.0 = Release|Any CPU
	EndGlobalSection
	GlobalSection(SolutionProperties) = preSolution
		HideSolutionNode = FALSE
	EndGlobalSection
	GlobalSection(ExtensibilityGlobals) = postSolution
		SolutionGuid = {7E08C3DE-3C35-4DE0-9E62-4C87B6557155}
	EndGlobalSection
EndGlobal
